
Microsoft Visual Studio Solution File, Format Version 12.00
# Visual Studio Version 17
VisualStudioVersion = 17.0.31903.59
MinimumVisualStudioVersion = 10.0.40219.1
Project("{FAE04EC0-301F-11D3-BF4B-00C04F79EFBC}") = "LabaN10", "LabaN10\LabaN10.csproj", "{FA936EE9-E4BD-4120-89D7-4E183AF8E580}"
EndProject
Global
	GlobalSection(SolutionConfigurationPlatforms) = preSolution
		Debug|Any CPU = Debug|Any CPU
		Release|Any CPU = Release|Any CPU
	EndGlobalSection
	GlobalSection(ProjectConfigurationPlatforms) = postSolution
		{FA936EE9-E4BD-4120-89D7-4E183AF8E580}.Debug|Any CPU.ActiveCfg = Debug|Any CPU
		{FA936EE9-E4BD-4120-89D7-4E183AF8E580}.Debug|Any CPU.Build.0 = Debug|Any CPU
		{FA936EE9-E4BD-4120-89D7-4E183AF8E580}.Release|Any CPU.ActiveCfg = Release|Any CPU
		{FA936EE9-E4BD-4120-89D7-4E183AF8E580}.Release|Any CPU.Build.0 = Release|Any CPU
	EndGlobalSection
	GlobalSection(SolutionProperties) = preSolution
		HideSolutionNode = FALSE
	EndGlobalSection
	GlobalSection(ExtensibilityGlobals) = postSolution
		SolutionGuid = {40C44006-C41F-4EAB-BACE-C410D6B563AA}
	EndGlobalSection
EndGlobal
